
Microsoft Visual Studio Solution File, Format Version 11.00
# Visual Studio 2010
Project("{FAE04EC0-301F-11D3-BF4B-00C04F79EFBC}") = "TfsTimeline", "TfsTimeline\TfsTimeline.csproj", "{35171869-E920-4CCD-B0E0-35A78141B415}"
EndProject
Global
	GlobalSection(SolutionConfigurationPlatforms) = preSolution
		Debug|Any CPU = Debug|Any CPU
		Release|Any CPU = Release|Any CPU
	EndGlobalSection
	GlobalSection(ProjectConfigurationPlatforms) = postSolution
		{35171869-E920-4CCD-B0E0-35A78141B415}.Debug|Any CPU.ActiveCfg = Debug|Any CPU
		{35171869-E920-4CCD-B0E0-35A78141B415}.Debug|Any CPU.Build.0 = Debug|Any CPU
		{35171869-E920-4CCD-B0E0-35A78141B415}.Release|Any CPU.ActiveCfg = Release|Any CPU
		{35171869-E920-4CCD-B0E0-35A78141B415}.Release|Any CPU.Build.0 = Release|Any CPU
	EndGlobalSection
	GlobalSection(SolutionProperties) = preSolution
		HideSolutionNode = FALSE
	EndGlobalSection
EndGlobal
